
Microsoft Visual Studio Solution File, Format Version 12.00
# Visual Studio Version 16
VisualStudioVersion = 16.0.31205.134
MinimumVisualStudioVersion = 10.0.40219.1
Project("{9A19103F-16F7-4668-BE54-9A1E7A4F7556}") = "Repositorio", "Repositorio\Repositorio.csproj", "{6CAB7DFF-712B-43B4-8543-B428FE80B6E1}"
EndProject
Project("{9A19103F-16F7-4668-BE54-9A1E7A4F7556}") = "Dominio", "Dominio\Dominio.csproj", "{6BB70FBB-08B3-4C85-A8AD-4412113D247D}"
EndProject
Project("{9A19103F-16F7-4668-BE54-9A1E7A4F7556}") = "Aplicacao", "Aplicacao\Aplicacao.csproj", "{7FC5E550-E697-4DDF-9ABA-074288D96267}"
EndProject
Project("{9A19103F-16F7-4668-BE54-9A1E7A4F7556}") = "UIWeb", "UIWeb\UIWeb.csproj", "{8D305B25-003C-4618-81EA-4B5BB0C0BC01}"
EndProject
Project("{9A19103F-16F7-4668-BE54-9A1E7A4F7556}") = "IoC", "IoC\IoC.csproj", "{7E7B2C97-2F52-4A73-A979-46E2028889F4}"
EndProject
Project("{FAE04EC0-301F-11D3-BF4B-00C04F79EFBC}") = "API", "API\API.csproj", "{D75C9FDA-529E-4705-9062-630D367ECB5D}"
EndProject
Global
	GlobalSection(SolutionConfigurationPlatforms) = preSolution
		Debug|Any CPU = Debug|Any CPU
		Release|Any CPU = Release|Any CPU
	EndGlobalSection
	GlobalSection(ProjectConfigurationPlatforms) = postSolution
		{6CAB7DFF-712B-43B4-8543-B428FE80B6E1}.Debug|Any CPU.ActiveCfg = Debug|Any CPU
		{6CAB7DFF-712B-43B4-8543-B428FE80B6E1}.Debug|Any CPU.Build.0 = Debug|Any CPU
		{6CAB7DFF-712B-43B4-8543-B428FE80B6E1}.Release|Any CPU.ActiveCfg = Release|Any CPU
		{6CAB7DFF-712B-43B4-8543-B428FE80B6E1}.Release|Any CPU.Build.0 = Release|Any CPU
		{6BB70FBB-08B3-4C85-A8AD-4412113D247D}.Debug|Any CPU.ActiveCfg = Debug|Any CPU
		{6BB70FBB-08B3-4C85-A8AD-4412113D247D}.Debug|Any CPU.Build.0 = Debug|Any CPU
		{6BB70FBB-08B3-4C85-A8AD-4412113D247D}.Release|Any CPU.ActiveCfg = Release|Any CPU
		{6BB70FBB-08B3-4C85-A8AD-4412113D247D}.Release|Any CPU.Build.0 = Release|Any CPU
		{7FC5E550-E697-4DDF-9ABA-074288D96267}.Debug|Any CPU.ActiveCfg = Debug|Any CPU
		{7FC5E550-E697-4DDF-9ABA-074288D96267}.Debug|Any CPU.Build.0 = Debug|Any CPU
		{7FC5E550-E697-4DDF-9ABA-074288D96267}.Release|Any CPU.ActiveCfg = Release|Any CPU
		{7FC5E550-E697-4DDF-9ABA-074288D96267}.Release|Any CPU.Build.0 = Release|Any CPU
		{8D305B25-003C-4618-81EA-4B5BB0C0BC01}.Debug|Any CPU.ActiveCfg = Debug|Any CPU
		{8D305B25-003C-4618-81EA-4B5BB0C0BC01}.Debug|Any CPU.Build.0 = Debug|Any CPU
		{8D305B25-003C-4618-81EA-4B5BB0C0BC01}.Release|Any CPU.ActiveCfg = Release|Any CPU
		{8D305B25-003C-4618-81EA-4B5BB0C0BC01}.Release|Any CPU.Build.0 = Release|Any CPU
		{7E7B2C97-2F52-4A73-A979-46E2028889F4}.Debug|Any CPU.ActiveCfg = Debug|Any CPU
		{7E7B2C97-2F52-4A73-A979-46E2028889F4}.Debug|Any CPU.Build.0 = Debug|Any CPU
		{7E7B2C97-2F52-4A73-A979-46E2028889F4}.Release|Any CPU.ActiveCfg = Release|Any CPU
		{7E7B2C97-2F52-4A73-A979-46E2028889F4}.Release|Any CPU.Build.0 = Release|Any CPU
		{D75C9FDA-529E-4705-9062-630D367ECB5D}.Debug|Any CPU.ActiveCfg = Debug|Any CPU
		{D75C9FDA-529E-4705-9062-630D367ECB5D}.Debug|Any CPU.Build.0 = Debug|Any CPU
		{D75C9FDA-529E-4705-9062-630D367ECB5D}.Release|Any CPU.ActiveCfg = Release|Any CPU
		{D75C9FDA-529E-4705-9062-630D367ECB5D}.Release|Any CPU.Build.0 = Release|Any CPU
	EndGlobalSection
	GlobalSection(SolutionProperties) = preSolution
		HideSolutionNode = FALSE
	EndGlobalSection
	GlobalSection(ExtensibilityGlobals) = postSolution
		SolutionGuid = {7E6AFCFD-B3BC-4430-8525-7167B3C6EDA8}
	EndGlobalSection
EndGlobal
